
Microsoft Visual Studio Solution File, Format Version 12.00
# Visual Studio Version 16
VisualStudioVersion = 16.0.29503.13
MinimumVisualStudioVersion = 10.0.40219.1
Project("{FAE04EC0-301F-11D3-BF4B-00C04F79EFBC}") = "WebApplication1", "WebApplication1.csproj", "{63F6B713-4E4A-47AF-9EFC-55A75CFE5EE2}"
EndProject
Global
	GlobalSection(SolutionConfigurationPlatforms) = preSolution
		Debug|Any CPU = Debug|Any CPU
		Release|Any CPU = Release|Any CPU
	EndGlobalSection
	GlobalSection(ProjectConfigurationPlatforms) = postSolution
		{63F6B713-4E4A-47AF-9EFC-55A75CFE5EE2}.Debug|Any CPU.ActiveCfg = Debug|Any CPU
		{63F6B713-4E4A-47AF-9EFC-55A75CFE5EE2}.Debug|Any CPU.Build.0 = Debug|Any CPU
		{63F6B713-4E4A-47AF-9EFC-55A75CFE5EE2}.Release|Any CPU.ActiveCfg = Release|Any CPU
		{63F6B713-4E4A-47AF-9EFC-55A75CFE5EE2}.Release|Any CPU.Build.0 = Release|Any CPU
	EndGlobalSection
	GlobalSection(SolutionProperties) = preSolution
		HideSolutionNode = FALSE
	EndGlobalSection
	GlobalSection(ExtensibilityGlobals) = postSolution
		SolutionGuid = {658F1A42-3A52-4C34-A405-B691EBC08911}
	EndGlobalSection
EndGlobal
